
Microsoft Visual Studio Solution File, Format Version 12.00
# Visual Studio Version 17
VisualStudioVersion = 17.7.34031.279
MinimumVisualStudioVersion = 10.0.40219.1
Project("{FAE04EC0-301F-11D3-BF4B-00C04F79EFBC}") = "Calc", "Calc\Calc.csproj", "{86BCBA00-1F34-4E65-8047-2DEEEEC5B445}"
EndProject
Global
	GlobalSection(SolutionConfigurationPlatforms) = preSolution
		Debug|Any CPU = Debug|Any CPU
		Release|Any CPU = Release|Any CPU
	EndGlobalSection
	GlobalSection(ProjectConfigurationPlatforms) = postSolution
		{86BCBA00-1F34-4E65-8047-2DEEEEC5B445}.Debug|Any CPU.ActiveCfg = Debug|Any CPU
		{86BCBA00-1F34-4E65-8047-2DEEEEC5B445}.Debug|Any CPU.Build.0 = Debug|Any CPU
		{86BCBA00-1F34-4E65-8047-2DEEEEC5B445}.Release|Any CPU.ActiveCfg = Release|Any CPU
		{86BCBA00-1F34-4E65-8047-2DEEEEC5B445}.Release|Any CPU.Build.0 = Release|Any CPU
	EndGlobalSection
	GlobalSection(SolutionProperties) = preSolution
		HideSolutionNode = FALSE
	EndGlobalSection
	GlobalSection(ExtensibilityGlobals) = postSolution
		SolutionGuid = {DD9746CF-58F5-4891-8C6B-B08EDF26E12E}
	EndGlobalSection
EndGlobal
